{
  "name": "projects_demo_app_v2_QAS_extensions",
  "lockfileVersion": 2,
  "requires": true,
  "packages": {
    "": {
      "dependencies": {
        "ui5-cc-spreadsheetimporter": "^0.25.3"
      }
    },
    "node_modules/ui5-cc-spreadsheetimporter": {
      "version": "0.25.3",
      "resolved": "https://registry.npmjs.org/ui5-cc-spreadsheetimporter/-/ui5-cc-spreadsheetimporter-0.25.3.tgz",
      "integrity": "sha512-NGP7g2aLhhQ9/Cgmyxes/kjCmv5j+p9thP5Za1Z6x8K4ZkaiAoVR1R45siqBd/7TlpXMaV3JJJJIWWo4+FShLw==",
      "dependencies": {
        "xlsx": "https://cdn.sheetjs.com/xlsx-0.20.0/xlsx-0.20.0.tgz"
      }
    },
    "node_modules/xlsx": {
      "version": "0.20.0",
      "resolved": "https://cdn.sheetjs.com/xlsx-0.20.0/xlsx-0.20.0.tgz",
      "integrity": "sha512-adg5edVTkXXGTnb0iWrc3Z47ViGgwmD47yx6VfSCZhfdKPtHcElYGs48OtcO4nwOu90Pjz5mmyl0HLcvbSRYTQ==",
      "license": "Apache-2.0",
      "bin": {
        "xlsx": "bin/xlsx.njs"
      },
      "engines": {
        "node": ">=0.8"
      }
    }
  },
  "dependencies": {
    "ui5-cc-spreadsheetimporter": {
      "version": "0.25.3",
      "resolved": "https://registry.npmjs.org/ui5-cc-spreadsheetimporter/-/ui5-cc-spreadsheetimporter-0.25.3.tgz",
      "integrity": "sha512-NGP7g2aLhhQ9/Cgmyxes/kjCmv5j+p9thP5Za1Z6x8K4ZkaiAoVR1R45siqBd/7TlpXMaV3JJJJIWWo4+FShLw==",
      "requires": {
        "xlsx": "https://cdn.sheetjs.com/xlsx-0.20.0/xlsx-0.20.0.tgz"
      }
    },
    "xlsx": {
      "version": "https://cdn.sheetjs.com/xlsx-0.20.0/xlsx-0.20.0.tgz",
      "integrity": "sha512-adg5edVTkXXGTnb0iWrc3Z47ViGgwmD47yx6VfSCZhfdKPtHcElYGs48OtcO4nwOu90Pjz5mmyl0HLcvbSRYTQ=="
    }
  }
}
